
Microsoft Visual Studio Solution File, Format Version 12.00
# Visual Studio Version 17
VisualStudioVersion = 17.9.34728.123
MinimumVisualStudioVersion = 10.0.40219.1
Project("{FAE04EC0-301F-11D3-BF4B-00C04F79EFBC}") = "Pokemon-Act-2", "Pokemon-Act-2\Pokemon-Act-2.csproj", "{F2BE77A2-8C1A-4750-BBAF-5F38B05FCE76}"
EndProject
Global
	GlobalSection(SolutionConfigurationPlatforms) = preSolution
		Debug|Any CPU = Debug|Any CPU
		Release|Any CPU = Release|Any CPU
	EndGlobalSection
	GlobalSection(ProjectConfigurationPlatforms) = postSolution
		{F2BE77A2-8C1A-4750-BBAF-5F38B05FCE76}.Debug|Any CPU.ActiveCfg = Debug|Any CPU
		{F2BE77A2-8C1A-4750-BBAF-5F38B05FCE76}.Debug|Any CPU.Build.0 = Debug|Any CPU
		{F2BE77A2-8C1A-4750-BBAF-5F38B05FCE76}.Release|Any CPU.ActiveCfg = Release|Any CPU
		{F2BE77A2-8C1A-4750-BBAF-5F38B05FCE76}.Release|Any CPU.Build.0 = Release|Any CPU
	EndGlobalSection
	GlobalSection(SolutionProperties) = preSolution
		HideSolutionNode = FALSE
	EndGlobalSection
	GlobalSection(ExtensibilityGlobals) = postSolution
		SolutionGuid = {E841704C-7940-4F72-9FA7-0B1EBD52F70F}
	EndGlobalSection
EndGlobal
